
Microsoft Visual Studio Solution File, Format Version 12.00
# Visual Studio Version 17
VisualStudioVersion = 17.11.35312.102
MinimumVisualStudioVersion = 10.0.40219.1
Project("{FAE04EC0-301F-11D3-BF4B-00C04F79EFBC}") = "Practice", "Practice\Practice.csproj", "{A35965E6-4EB1-4198-9C63-F098C9BA6E22}"
EndProject
Global
	GlobalSection(SolutionConfigurationPlatforms) = preSolution
		Debug|Any CPU = Debug|Any CPU
		Release|Any CPU = Release|Any CPU
	EndGlobalSection
	GlobalSection(ProjectConfigurationPlatforms) = postSolution
		{A35965E6-4EB1-4198-9C63-F098C9BA6E22}.Debug|Any CPU.ActiveCfg = Debug|Any CPU
		{A35965E6-4EB1-4198-9C63-F098C9BA6E22}.Debug|Any CPU.Build.0 = Debug|Any CPU
		{A35965E6-4EB1-4198-9C63-F098C9BA6E22}.Release|Any CPU.ActiveCfg = Release|Any CPU
		{A35965E6-4EB1-4198-9C63-F098C9BA6E22}.Release|Any CPU.Build.0 = Release|Any CPU
	EndGlobalSection
	GlobalSection(SolutionProperties) = preSolution
		HideSolutionNode = FALSE
	EndGlobalSection
	GlobalSection(ExtensibilityGlobals) = postSolution
		SolutionGuid = {B35B8780-B5BE-420E-9B2F-9313D4DE9773}
	EndGlobalSection
EndGlobal
